
Microsoft Visual Studio Solution File, Format Version 12.00
# Visual Studio Version 18
Project("{2150E333-8FDC-42A3-9474-1A3956D46DE8}") = "CMakePredefinedTargets", "CMakePredefinedTargets", "{DA3BA03E-775E-3A5B-8081-C1CF148E3E22}"
EndProject
Project("{2150E333-8FDC-42A3-9474-1A3956D46DE8}") = "GLFW3", "GLFW3", "{8B81DB4E-8C46-324F-B709-82157E69A2A5}"
EndProject
Project("{8BC9CEB8-8B4A-11D0-8D11-00A0C91BC942}") = "ALL_BUILD", "ALL_BUILD.vcxproj", "{B5AA7CD2-BE69-3C70-B53C-C0AF2F3BF1FE}"
	ProjectSection(ProjectDependencies) = postProject
		{1081E320-BA11-3A5A-85D0-8C02926E696C} = {1081E320-BA11-3A5A-85D0-8C02926E696C}
		{E868F5F9-E616-3C01-8C23-98D15EB40880} = {E868F5F9-E616-3C01-8C23-98D15EB40880}
		{36946C90-B79C-3836-97F2-7129E8964AE7} = {36946C90-B79C-3836-97F2-7129E8964AE7}
		{FC218A00-AD50-3F4B-BA73-B04976526C4E} = {FC218A00-AD50-3F4B-BA73-B04976526C4E}
	EndProjectSection
EndProject
Project("{8BC9CEB8-8B4A-11D0-8D11-00A0C91BC942}") = "INSTALL", "INSTALL.vcxproj", "{0F98BCA9-0F4D-336A-ACDC-25F924C8CBF7}"
	ProjectSection(ProjectDependencies) = postProject
		{B5AA7CD2-BE69-3C70-B53C-C0AF2F3BF1FE} = {B5AA7CD2-BE69-3C70-B53C-C0AF2F3BF1FE}
		{E868F5F9-E616-3C01-8C23-98D15EB40880} = {E868F5F9-E616-3C01-8C23-98D15EB40880}
	EndProjectSection
EndProject
Project("{8BC9CEB8-8B4A-11D0-8D11-00A0C91BC942}") = "TerrariaEditor2026", "TerrariaEditor2026.vcxproj", "{1081E320-BA11-3A5A-85D0-8C02926E696C}"
	ProjectSection(ProjectDependencies) = postProject
		{E868F5F9-E616-3C01-8C23-98D15EB40880} = {E868F5F9-E616-3C01-8C23-98D15EB40880}
		{36946C90-B79C-3836-97F2-7129E8964AE7} = {36946C90-B79C-3836-97F2-7129E8964AE7}
		{FC218A00-AD50-3F4B-BA73-B04976526C4E} = {FC218A00-AD50-3F4B-BA73-B04976526C4E}
	EndProjectSection
EndProject
Project("{8BC9CEB8-8B4A-11D0-8D11-00A0C91BC942}") = "ZERO_CHECK", "ZERO_CHECK.vcxproj", "{E868F5F9-E616-3C01-8C23-98D15EB40880}"
	ProjectSection(ProjectDependencies) = postProject
	EndProjectSection
EndProject
Project("{8BC9CEB8-8B4A-11D0-8D11-00A0C91BC942}") = "glfw", "_deps\glfw-build\src\glfw.vcxproj", "{36946C90-B79C-3836-97F2-7129E8964AE7}"
	ProjectSection(ProjectDependencies) = postProject
		{E868F5F9-E616-3C01-8C23-98D15EB40880} = {E868F5F9-E616-3C01-8C23-98D15EB40880}
	EndProjectSection
EndProject
Project("{8BC9CEB8-8B4A-11D0-8D11-00A0C91BC942}") = "imgui", "imgui.vcxproj", "{FC218A00-AD50-3F4B-BA73-B04976526C4E}"
	ProjectSection(ProjectDependencies) = postProject
		{E868F5F9-E616-3C01-8C23-98D15EB40880} = {E868F5F9-E616-3C01-8C23-98D15EB40880}
		{36946C90-B79C-3836-97F2-7129E8964AE7} = {36946C90-B79C-3836-97F2-7129E8964AE7}
	EndProjectSection
EndProject
Project("{8BC9CEB8-8B4A-11D0-8D11-00A0C91BC942}") = "uninstall", "_deps\glfw-build\uninstall.vcxproj", "{9FCA4CC3-8066-309D-8AFC-C7111A048C39}"
	ProjectSection(ProjectDependencies) = postProject
		{E868F5F9-E616-3C01-8C23-98D15EB40880} = {E868F5F9-E616-3C01-8C23-98D15EB40880}
	EndProjectSection
EndProject
Project("{8BC9CEB8-8B4A-11D0-8D11-00A0C91BC942}") = "update_mappings", "_deps\glfw-build\src\update_mappings.vcxproj", "{38D72A3D-6ECB-30FA-8B9E-5069B8F42B98}"
	ProjectSection(ProjectDependencies) = postProject
		{E868F5F9-E616-3C01-8C23-98D15EB40880} = {E868F5F9-E616-3C01-8C23-98D15EB40880}
	EndProjectSection
EndProject
Global
	GlobalSection(SolutionConfigurationPlatforms) = preSolution
		Debug|x64 = Debug|x64
		Release|x64 = Release|x64
		MinSizeRel|x64 = MinSizeRel|x64
		RelWithDebInfo|x64 = RelWithDebInfo|x64
	EndGlobalSection
	GlobalSection(ProjectConfigurationPlatforms) = postSolution
		{B5AA7CD2-BE69-3C70-B53C-C0AF2F3BF1FE}.Debug|x64.ActiveCfg = Debug|x64
		{B5AA7CD2-BE69-3C70-B53C-C0AF2F3BF1FE}.Debug|x64.Build.0 = Debug|x64
		{B5AA7CD2-BE69-3C70-B53C-C0AF2F3BF1FE}.Release|x64.ActiveCfg = Release|x64
		{B5AA7CD2-BE69-3C70-B53C-C0AF2F3BF1FE}.Release|x64.Build.0 = Release|x64
		{B5AA7CD2-BE69-3C70-B53C-C0AF2F3BF1FE}.MinSizeRel|x64.ActiveCfg = MinSizeRel|x64
		{B5AA7CD2-BE69-3C70-B53C-C0AF2F3BF1FE}.MinSizeRel|x64.Build.0 = MinSizeRel|x64
		{B5AA7CD2-BE69-3C70-B53C-C0AF2F3BF1FE}.RelWithDebInfo|x64.ActiveCfg = RelWithDebInfo|x64
		{B5AA7CD2-BE69-3C70-B53C-C0AF2F3BF1FE}.RelWithDebInfo|x64.Build.0 = RelWithDebInfo|x64
		{0F98BCA9-0F4D-336A-ACDC-25F924C8CBF7}.Debug|x64.ActiveCfg = Debug|x64
		{0F98BCA9-0F4D-336A-ACDC-25F924C8CBF7}.Release|x64.ActiveCfg = Release|x64
		{0F98BCA9-0F4D-336A-ACDC-25F924C8CBF7}.MinSizeRel|x64.ActiveCfg = MinSizeRel|x64
		{0F98BCA9-0F4D-336A-ACDC-25F924C8CBF7}.RelWithDebInfo|x64.ActiveCfg = RelWithDebInfo|x64
		{1081E320-BA11-3A5A-85D0-8C02926E696C}.Debug|x64.ActiveCfg = Debug|x64
		{1081E320-BA11-3A5A-85D0-8C02926E696C}.Debug|x64.Build.0 = Debug|x64
		{1081E320-BA11-3A5A-85D0-8C02926E696C}.Release|x64.ActiveCfg = Release|x64
		{1081E320-BA11-3A5A-85D0-8C02926E696C}.Release|x64.Build.0 = Release|x64
		{1081E320-BA11-3A5A-85D0-8C02926E696C}.MinSizeRel|x64.ActiveCfg = MinSizeRel|x64
		{1081E320-BA11-3A5A-85D0-8C02926E696C}.MinSizeRel|x64.Build.0 = MinSizeRel|x64
		{1081E320-BA11-3A5A-85D0-8C02926E696C}.RelWithDebInfo|x64.ActiveCfg = RelWithDebInfo|x64
		{1081E320-BA11-3A5A-85D0-8C02926E696C}.RelWithDebInfo|x64.Build.0 = RelWithDebInfo|x64
		{E868F5F9-E616-3C01-8C23-98D15EB40880}.Debug|x64.ActiveCfg = Debug|x64
		{E868F5F9-E616-3C01-8C23-98D15EB40880}.Debug|x64.Build.0 = Debug|x64
		{E868F5F9-E616-3C01-8C23-98D15EB40880}.Release|x64.ActiveCfg = Release|x64
		{E868F5F9-E616-3C01-8C23-98D15EB40880}.Release|x64.Build.0 = Release|x64
		{E868F5F9-E616-3C01-8C23-98D15EB40880}.MinSizeRel|x64.ActiveCfg = MinSizeRel|x64
		{E868F5F9-E616-3C01-8C23-98D15EB40880}.MinSizeRel|x64.Build.0 = MinSizeRel|x64
		{E868F5F9-E616-3C01-8C23-98D15EB40880}.RelWithDebInfo|x64.ActiveCfg = RelWithDebInfo|x64
		{E868F5F9-E616-3C01-8C23-98D15EB40880}.RelWithDebInfo|x64.Build.0 = RelWithDebInfo|x64
		{36946C90-B79C-3836-97F2-7129E8964AE7}.Debug|x64.ActiveCfg = Debug|x64
		{36946C90-B79C-3836-97F2-7129E8964AE7}.Debug|x64.Build.0 = Debug|x64
		{36946C90-B79C-3836-97F2-7129E8964AE7}.Release|x64.ActiveCfg = Release|x64
		{36946C90-B79C-3836-97F2-7129E8964AE7}.Release|x64.Build.0 = Release|x64
		{36946C90-B79C-3836-97F2-7129E8964AE7}.MinSizeRel|x64.ActiveCfg = MinSizeRel|x64
		{36946C90-B79C-3836-97F2-7129E8964AE7}.MinSizeRel|x64.Build.0 = MinSizeRel|x64
		{36946C90-B79C-3836-97F2-7129E8964AE7}.RelWithDebInfo|x64.ActiveCfg = RelWithDebInfo|x64
		{36946C90-B79C-3836-97F2-7129E8964AE7}.RelWithDebInfo|x64.Build.0 = RelWithDebInfo|x64
		{FC218A00-AD50-3F4B-BA73-B04976526C4E}.Debug|x64.ActiveCfg = Debug|x64
		{FC218A00-AD50-3F4B-BA73-B04976526C4E}.Debug|x64.Build.0 = Debug|x64
		{FC218A00-AD50-3F4B-BA73-B04976526C4E}.Release|x64.ActiveCfg = Release|x64
		{FC218A00-AD50-3F4B-BA73-B04976526C4E}.Release|x64.Build.0 = Release|x64
		{FC218A00-AD50-3F4B-BA73-B04976526C4E}.MinSizeRel|x64.ActiveCfg = MinSizeRel|x64
		{FC218A00-AD50-3F4B-BA73-B04976526C4E}.MinSizeRel|x64.Build.0 = MinSizeRel|x64
		{FC218A00-AD50-3F4B-BA73-B04976526C4E}.RelWithDebInfo|x64.ActiveCfg = RelWithDebInfo|x64
		{FC218A00-AD50-3F4B-BA73-B04976526C4E}.RelWithDebInfo|x64.Build.0 = RelWithDebInfo|x64
		{9FCA4CC3-8066-309D-8AFC-C7111A048C39}.Debug|x64.ActiveCfg = Debug|x64
		{9FCA4CC3-8066-309D-8AFC-C7111A048C39}.Release|x64.ActiveCfg = Release|x64
		{9FCA4CC3-8066-309D-8AFC-C7111A048C39}.MinSizeRel|x64.ActiveCfg = MinSizeRel|x64
		{9FCA4CC3-8066-309D-8AFC-C7111A048C39}.RelWithDebInfo|x64.ActiveCfg = RelWithDebInfo|x64
		{38D72A3D-6ECB-30FA-8B9E-5069B8F42B98}.Debug|x64.ActiveCfg = Debug|x64
		{38D72A3D-6ECB-30FA-8B9E-5069B8F42B98}.Release|x64.ActiveCfg = Release|x64
		{38D72A3D-6ECB-30FA-8B9E-5069B8F42B98}.MinSizeRel|x64.ActiveCfg = MinSizeRel|x64
		{38D72A3D-6ECB-30FA-8B9E-5069B8F42B98}.RelWithDebInfo|x64.ActiveCfg = RelWithDebInfo|x64
	EndGlobalSection
	GlobalSection(NestedProjects) = preSolution
		{B5AA7CD2-BE69-3C70-B53C-C0AF2F3BF1FE} = {DA3BA03E-775E-3A5B-8081-C1CF148E3E22}
		{0F98BCA9-0F4D-336A-ACDC-25F924C8CBF7} = {DA3BA03E-775E-3A5B-8081-C1CF148E3E22}
		{E868F5F9-E616-3C01-8C23-98D15EB40880} = {DA3BA03E-775E-3A5B-8081-C1CF148E3E22}
		{36946C90-B79C-3836-97F2-7129E8964AE7} = {8B81DB4E-8C46-324F-B709-82157E69A2A5}
		{9FCA4CC3-8066-309D-8AFC-C7111A048C39} = {8B81DB4E-8C46-324F-B709-82157E69A2A5}
		{38D72A3D-6ECB-30FA-8B9E-5069B8F42B98} = {8B81DB4E-8C46-324F-B709-82157E69A2A5}
	EndGlobalSection
	GlobalSection(ExtensibilityGlobals) = postSolution
		SolutionGuid = {12374980-F023-317F-AC30-F30AD1E97150}
	EndGlobalSection
	GlobalSection(ExtensibilityAddIns) = postSolution
	EndGlobalSection
EndGlobal
